// !$*UTF8*$!
{
	archiveVersion = 1;
	classes = {
	};
	objectVersion = 46;
	objects = {

/* Begin PBXBuildFile section */
		BF0C8D791CD1CAD700DBAEF9 /* SCNNode+Magic.swift in Sources */ = {isa = PBXBuildFile; fileRef = BF0C8D781CD1CAD700DBAEF9 /* SCNNode+Magic.swift */; };
		BF0C8D7A1CD1CAD700DBAEF9 /* SCNNode+Magic.swift in Sources */ = {isa = PBXBuildFile; fileRef = BF0C8D781CD1CAD700DBAEF9 /* SCNNode+Magic.swift */; };
		BF27F0751CCEC93C00CB30B3 /* CollectionType+Magic.swift in Sources */ = {isa = PBXBuildFile; fileRef = BF27F0741CCEC93C00CB30B3 /* CollectionType+Magic.swift */; };
		BF27F0761CCEC93C00CB30B3 /* CollectionType+Magic.swift in Sources */ = {isa = PBXBuildFile; fileRef = BF27F0741CCEC93C00CB30B3 /* CollectionType+Magic.swift */; };
		BF2AF29D1CC67DD8006A9BBB /* WWDCFloor.swift in Sources */ = {isa = PBXBuildFile; fileRef = BF2AF29C1CC67DD8006A9BBB /* WWDCFloor.swift */; };
		BF2AF29E1CC67DD8006A9BBB /* WWDCFloor.swift in Sources */ = {isa = PBXBuildFile; fileRef = BF2AF29C1CC67DD8006A9BBB /* WWDCFloor.swift */; };
		BF4D45A81CCB088F007DEA9A /* SCNCamera+Magic.swift in Sources */ = {isa = PBXBuildFile; fileRef = BF4D45A71CCB088F007DEA9A /* SCNCamera+Magic.swift */; };
		BF4D45A91CCB08CE007DEA9A /* SCNCamera+Magic.swift in Sources */ = {isa = PBXBuildFile; fileRef = BF4D45A71CCB088F007DEA9A /* SCNCamera+Magic.swift */; };
		BF4D45AE1CCC1849007DEA9A /* CGFloat+Magic.swift in Sources */ = {isa = PBXBuildFile; fileRef = BF4D45AD1CCC1849007DEA9A /* CGFloat+Magic.swift */; };
		BF4D45AF1CCC1894007DEA9A /* CGFloat+Magic.swift in Sources */ = {isa = PBXBuildFile; fileRef = BF4D45AD1CCC1849007DEA9A /* CGFloat+Magic.swift */; };
		BF4D45B21CCC19EF007DEA9A /* SCNVector3+Magic.swift in Sources */ = {isa = PBXBuildFile; fileRef = BF4D45B01CCC19EF007DEA9A /* SCNVector3+Magic.swift */; };
		BF4D45B31CCC19EF007DEA9A /* WWDCError.swift in Sources */ = {isa = PBXBuildFile; fileRef = BF4D45B11CCC19EF007DEA9A /* WWDCError.swift */; };
		BF4D45B41CCC1A14007DEA9A /* SCNVector3+Magic.swift in Sources */ = {isa = PBXBuildFile; fileRef = BF4D45B01CCC19EF007DEA9A /* SCNVector3+Magic.swift */; };
		BF4D45B51CCC1A14007DEA9A /* WWDCError.swift in Sources */ = {isa = PBXBuildFile; fileRef = BF4D45B11CCC19EF007DEA9A /* WWDCError.swift */; };
		BF4D45B71CCC1A3A007DEA9A /* WWDCCamera.swift in Sources */ = {isa = PBXBuildFile; fileRef = BF4D45B61CCC1A3A007DEA9A /* WWDCCamera.swift */; };
		BF4D45B81CCC1A3A007DEA9A /* WWDCCamera.swift in Sources */ = {isa = PBXBuildFile; fileRef = BF4D45B61CCC1A3A007DEA9A /* WWDCCamera.swift */; };
		BF4D45C61CCC4843007DEA9A /* WWDCGameView.swift in Sources */ = {isa = PBXBuildFile; fileRef = BF4D45C51CCC4843007DEA9A /* WWDCGameView.swift */; };
		BF4D45C71CCC4843007DEA9A /* WWDCGameView.swift in Sources */ = {isa = PBXBuildFile; fileRef = BF4D45C51CCC4843007DEA9A /* WWDCGameView.swift */; };
		BF4D45C91CCC4BCC007DEA9A /* WWDCFont.swift in Sources */ = {isa = PBXBuildFile; fileRef = BF4D45C81CCC4BCC007DEA9A /* WWDCFont.swift */; };
		BF4D45CA1CCC4BCC007DEA9A /* WWDCFont.swift in Sources */ = {isa = PBXBuildFile; fileRef = BF4D45C81CCC4BCC007DEA9A /* WWDCFont.swift */; };
		BF58DA8C1CCC8E470036C5D0 /* SourceSansPro-Black.ttf in Resources */ = {isa = PBXBuildFile; fileRef = BF58DA801CCC8E470036C5D0 /* SourceSansPro-Black.ttf */; };
		BF58DA8E1CCC8E470036C5D0 /* SourceSansPro-BlackIt.ttf in Resources */ = {isa = PBXBuildFile; fileRef = BF58DA811CCC8E470036C5D0 /* SourceSansPro-BlackIt.ttf */; };
		BF58DA901CCC8E470036C5D0 /* SourceSansPro-Bold.ttf in Resources */ = {isa = PBXBuildFile; fileRef = BF58DA821CCC8E470036C5D0 /* SourceSansPro-Bold.ttf */; };
		BF58DA921CCC8E470036C5D0 /* SourceSansPro-BoldIt.ttf in Resources */ = {isa = PBXBuildFile; fileRef = BF58DA831CCC8E470036C5D0 /* SourceSansPro-BoldIt.ttf */; };
		BF58DA941CCC8E470036C5D0 /* SourceSansPro-ExtraLight.ttf in Resources */ = {isa = PBXBuildFile; fileRef = BF58DA841CCC8E470036C5D0 /* SourceSansPro-ExtraLight.ttf */; };
		BF58DA961CCC8E470036C5D0 /* SourceSansPro-ExtraLightIt.ttf in Resources */ = {isa = PBXBuildFile; fileRef = BF58DA851CCC8E470036C5D0 /* SourceSansPro-ExtraLightIt.ttf */; };
		BF58DA981CCC8E470036C5D0 /* SourceSansPro-It.ttf in Resources */ = {isa = PBXBuildFile; fileRef = BF58DA861CCC8E470036C5D0 /* SourceSansPro-It.ttf */; };
		BF58DA9A1CCC8E470036C5D0 /* SourceSansPro-Light.ttf in Resources */ = {isa = PBXBuildFile; fileRef = BF58DA871CCC8E470036C5D0 /* SourceSansPro-Light.ttf */; };
		BF58DA9C1CCC8E470036C5D0 /* SourceSansPro-LightIt.ttf in Resources */ = {isa = PBXBuildFile; fileRef = BF58DA881CCC8E470036C5D0 /* SourceSansPro-LightIt.ttf */; };
		BF58DA9E1CCC8E470036C5D0 /* SourceSansPro-Regular.ttf in Resources */ = {isa = PBXBuildFile; fileRef = BF58DA891CCC8E470036C5D0 /* SourceSansPro-Regular.ttf */; };
		BF58DAA01CCC8E470036C5D0 /* SourceSansPro-Semibold.ttf in Resources */ = {isa = PBXBuildFile; fileRef = BF58DA8A1CCC8E470036C5D0 /* SourceSansPro-Semibold.ttf */; };
		BF58DAA21CCC8E470036C5D0 /* SourceSansPro-SemiboldIt.ttf in Resources */ = {isa = PBXBuildFile; fileRef = BF58DA8B1CCC8E470036C5D0 /* SourceSansPro-SemiboldIt.ttf */; };
		BF58DAA51CCC908F0036C5D0 /* SourceSansPro-Black.ttf in CopyFiles */ = {isa = PBXBuildFile; fileRef = BF58DA801CCC8E470036C5D0 /* SourceSansPro-Black.ttf */; };
		BF58DAA61CCC908F0036C5D0 /* SourceSansPro-BlackIt.ttf in CopyFiles */ = {isa = PBXBuildFile; fileRef = BF58DA811CCC8E470036C5D0 /* SourceSansPro-BlackIt.ttf */; };
		BF58DAA71CCC908F0036C5D0 /* SourceSansPro-Bold.ttf in CopyFiles */ = {isa = PBXBuildFile; fileRef = BF58DA821CCC8E470036C5D0 /* SourceSansPro-Bold.ttf */; };
		BF58DAA81CCC908F0036C5D0 /* SourceSansPro-BoldIt.ttf in CopyFiles */ = {isa = PBXBuildFile; fileRef = BF58DA831CCC8E470036C5D0 /* SourceSansPro-BoldIt.ttf */; };
		BF58DAA91CCC908F0036C5D0 /* SourceSansPro-ExtraLight.ttf in CopyFiles */ = {isa = PBXBuildFile; fileRef = BF58DA841CCC8E470036C5D0 /* SourceSansPro-ExtraLight.ttf */; };
		BF58DAAA1CCC908F0036C5D0 /* SourceSansPro-ExtraLightIt.ttf in CopyFiles */ = {isa = PBXBuildFile; fileRef = BF58DA851CCC8E470036C5D0 /* SourceSansPro-ExtraLightIt.ttf */; };
		BF58DAAB1CCC908F0036C5D0 /* SourceSansPro-It.ttf in CopyFiles */ = {isa = PBXBuildFile; fileRef = BF58DA861CCC8E470036C5D0 /* SourceSansPro-It.ttf */; };
		BF58DAAC1CCC908F0036C5D0 /* SourceSansPro-Light.ttf in CopyFiles */ = {isa = PBXBuildFile; fileRef = BF58DA871CCC8E470036C5D0 /* SourceSansPro-Light.ttf */; };
		BF58DAAD1CCC908F0036C5D0 /* SourceSansPro-LightIt.ttf in CopyFiles */ = {isa = PBXBuildFile; fileRef = BF58DA881CCC8E470036C5D0 /* SourceSansPro-LightIt.ttf */; };
		BF58DAAE1CCC908F0036C5D0 /* SourceSansPro-Regular.ttf in CopyFiles */ = {isa = PBXBuildFile; fileRef = BF58DA891CCC8E470036C5D0 /* SourceSansPro-Regular.ttf */; };
		BF58DAAF1CCC908F0036C5D0 /* SourceSansPro-Semibold.ttf in CopyFiles */ = {isa = PBXBuildFile; fileRef = BF58DA8A1CCC8E470036C5D0 /* SourceSansPro-Semibold.ttf */; };
		BF58DAB01CCC908F0036C5D0 /* SourceSansPro-SemiboldIt.ttf in CopyFiles */ = {isa = PBXBuildFile; fileRef = BF58DA8B1CCC8E470036C5D0 /* SourceSansPro-SemiboldIt.ttf */; };
		BF58DAB21CCC9FC70036C5D0 /* WWDCSpline.swift in Sources */ = {isa = PBXBuildFile; fileRef = BF58DAB11CCC9FC70036C5D0 /* WWDCSpline.swift */; };
		BF58DAB31CCC9FC70036C5D0 /* WWDCSpline.swift in Sources */ = {isa = PBXBuildFile; fileRef = BF58DAB11CCC9FC70036C5D0 /* WWDCSpline.swift */; };
		BF6D06EE1CD403E800910052 /* EventMedia.scnassets in Resources */ = {isa = PBXBuildFile; fileRef = BF6D06ED1CD403E800910052 /* EventMedia.scnassets */; };
		BF6D06EF1CD403E800910052 /* EventMedia.scnassets in Resources */ = {isa = PBXBuildFile; fileRef = BF6D06ED1CD403E800910052 /* EventMedia.scnassets */; };
		BF99BB081CC7C9AA003133AD /* WWDCColor.swift in Sources */ = {isa = PBXBuildFile; fileRef = BF99BB061CC7C9AA003133AD /* WWDCColor.swift */; };
		BF99BB091CC7C9AA003133AD /* WWDCTimeline.swift in Sources */ = {isa = PBXBuildFile; fileRef = BF99BB071CC7C9AA003133AD /* WWDCTimeline.swift */; };
		BF99BB0C1CC7CA3A003133AD /* WWDCTimeline.swift in Sources */ = {isa = PBXBuildFile; fileRef = BF99BB071CC7C9AA003133AD /* WWDCTimeline.swift */; };
		BF99BB0D1CC7CA3A003133AD /* WWDCColor.swift in Sources */ = {isa = PBXBuildFile; fileRef = BF99BB061CC7C9AA003133AD /* WWDCColor.swift */; };
		BF99BB131CC81C17003133AD /* WWDCEvent.swift in Sources */ = {isa = PBXBuildFile; fileRef = BF99BB121CC81C17003133AD /* WWDCEvent.swift */; };
		BF99BB141CC81C17003133AD /* WWDCEvent.swift in Sources */ = {isa = PBXBuildFile; fileRef = BF99BB121CC81C17003133AD /* WWDCEvent.swift */; };
		BF99BB161CC81C45003133AD /* WWDCMarker.swift in Sources */ = {isa = PBXBuildFile; fileRef = BF99BB151CC81C45003133AD /* WWDCMarker.swift */; };
		BF99BB171CC81C45003133AD /* WWDCMarker.swift in Sources */ = {isa = PBXBuildFile; fileRef = BF99BB151CC81C45003133AD /* WWDCMarker.swift */; };
		BF99BB1A1CC841E0003133AD /* WWDCDate.swift in Sources */ = {isa = PBXBuildFile; fileRef = BF99BB191CC841E0003133AD /* WWDCDate.swift */; };
		BF99BB1B1CC841E0003133AD /* WWDCDate.swift in Sources */ = {isa = PBXBuildFile; fileRef = BF99BB191CC841E0003133AD /* WWDCDate.swift */; };
		BFB6220B1CC5E55D0094C945 /* AppDelegate.swift in Sources */ = {isa = PBXBuildFile; fileRef = BFB6220A1CC5E55D0094C945 /* AppDelegate.swift */; };
		BFB622121CC5E55D0094C945 /* Main.storyboard in Resources */ = {isa = PBXBuildFile; fileRef = BFB622101CC5E55D0094C945 /* Main.storyboard */; };
		BFB622141CC5E55D0094C945 /* Assets.xcassets in Resources */ = {isa = PBXBuildFile; fileRef = BFB622131CC5E55D0094C945 /* Assets.xcassets */; };
		BFB622171CC5E55D0094C945 /* LaunchScreen.storyboard in Resources */ = {isa = PBXBuildFile; fileRef = BFB622151CC5E55D0094C945 /* LaunchScreen.storyboard */; };
		BFB622261CC5E5770094C945 /* AppDelegate.swift in Sources */ = {isa = PBXBuildFile; fileRef = BFB622251CC5E5770094C945 /* AppDelegate.swift */; };
		BFB6222E1CC5E5770094C945 /* Assets.xcassets in Resources */ = {isa = PBXBuildFile; fileRef = BFB6222D1CC5E5770094C945 /* Assets.xcassets */; };
		BFB622311CC5E5770094C945 /* MainMenu.xib in Resources */ = {isa = PBXBuildFile; fileRef = BFB6222F1CC5E5770094C945 /* MainMenu.xib */; };
		BFB622381CC5E65A0094C945 /* WWDCMainScene.swift in Sources */ = {isa = PBXBuildFile; fileRef = BFB622371CC5E65A0094C945 /* WWDCMainScene.swift */; };
		BFB622391CC5E65A0094C945 /* WWDCMainScene.swift in Sources */ = {isa = PBXBuildFile; fileRef = BFB622371CC5E65A0094C945 /* WWDCMainScene.swift */; };
		BFB6223C1CC5E8D20094C945 /* SceneAssets.scnassets in Resources */ = {isa = PBXBuildFile; fileRef = BFB6223B1CC5E8D20094C945 /* SceneAssets.scnassets */; };
		BFB6223D1CC5E8D20094C945 /* SceneAssets.scnassets in Resources */ = {isa = PBXBuildFile; fileRef = BFB6223B1CC5E8D20094C945 /* SceneAssets.scnassets */; };
		BFB672331CD4945000781AC5 /* WWDCBezierPath.swift in Sources */ = {isa = PBXBuildFile; fileRef = BFB672321CD4945000781AC5 /* WWDCBezierPath.swift */; };
		BFB672341CD4945000781AC5 /* WWDCBezierPath.swift in Sources */ = {isa = PBXBuildFile; fileRef = BFB672321CD4945000781AC5 /* WWDCBezierPath.swift */; };
		BFB672361CD494D700781AC5 /* WWDCPoint.swift in Sources */ = {isa = PBXBuildFile; fileRef = BFB672351CD494D700781AC5 /* WWDCPoint.swift */; };
		BFB672371CD494D700781AC5 /* WWDCPoint.swift in Sources */ = {isa = PBXBuildFile; fileRef = BFB672351CD494D700781AC5 /* WWDCPoint.swift */; };
		BFB6723C1CD4973100781AC5 /* Float+Magic.swift in Sources */ = {isa = PBXBuildFile; fileRef = BFB6723B1CD4973100781AC5 /* Float+Magic.swift */; };
		BFB6723D1CD4973100781AC5 /* Float+Magic.swift in Sources */ = {isa = PBXBuildFile; fileRef = BFB6723B1CD4973100781AC5 /* Float+Magic.swift */; };
		BFDCCF6F1CCED94300EB894F /* SCNGeometry+Magic.swift in Sources */ = {isa = PBXBuildFile; fileRef = BFDCCF6E1CCED94300EB894F /* SCNGeometry+Magic.swift */; };
		BFDCCF701CCED9BB00EB894F /* SCNGeometry+Magic.swift in Sources */ = {isa = PBXBuildFile; fileRef = BFDCCF6E1CCED94300EB894F /* SCNGeometry+Magic.swift */; };
		BFDCCF721CCF069500EB894F /* WWDCColors.swift in Sources */ = {isa = PBXBuildFile; fileRef = BFDCCF711CCF069500EB894F /* WWDCColors.swift */; };
		BFDCCF731CCF069500EB894F /* WWDCColors.swift in Sources */ = {isa = PBXBuildFile; fileRef = BFDCCF711CCF069500EB894F /* WWDCColors.swift */; };
		BFDCCF751CCF22F200EB894F /* NSObject+Magic.swift in Sources */ = {isa = PBXBuildFile; fileRef = BFDCCF741CCF22F200EB894F /* NSObject+Magic.swift */; };
		BFDCCF761CCF22F200EB894F /* NSObject+Magic.swift in Sources */ = {isa = PBXBuildFile; fileRef = BFDCCF741CCF22F200EB894F /* NSObject+Magic.swift */; };
		BFDCCF791CCF2B7D00EB894F /* WWDCStartScreenHandler.swift in Sources */ = {isa = PBXBuildFile; fileRef = BFDCCF781CCF2B7D00EB894F /* WWDCStartScreenHandler.swift */; };
		BFDCCF7A1CCF2B7D00EB894F /* WWDCStartScreenHandler.swift in Sources */ = {isa = PBXBuildFile; fileRef = BFDCCF781CCF2B7D00EB894F /* WWDCStartScreenHandler.swift */; };
		BFF4B8D41CCD542300C7E548 /* WWDCTimingFunctions.swift in Sources */ = {isa = PBXBuildFile; fileRef = BFF4B8D31CCD542300C7E548 /* WWDCTimingFunctions.swift */; };
		BFF4B8D51CCD542300C7E548 /* WWDCTimingFunctions.swift in Sources */ = {isa = PBXBuildFile; fileRef = BFF4B8D31CCD542300C7E548 /* WWDCTimingFunctions.swift */; };
		BFF4B8D71CCD63C900C7E548 /* WWDCTimingFunctions+Magic.swift in Sources */ = {isa = PBXBuildFile; fileRef = BFF4B8D61CCD63C900C7E548 /* WWDCTimingFunctions+Magic.swift */; };
		BFF4B8D81CCD63C900C7E548 /* WWDCTimingFunctions+Magic.swift in Sources */ = {isa = PBXBuildFile; fileRef = BFF4B8D61CCD63C900C7E548 /* WWDCTimingFunctions+Magic.swift */; };
		BFF4B8DA1CCD64A600C7E548 /* SCNAction+Magic.swift in Sources */ = {isa = PBXBuildFile; fileRef = BFF4B8D91CCD64A600C7E548 /* SCNAction+Magic.swift */; };
		BFF4B8DB1CCD64A600C7E548 /* SCNAction+Magic.swift in Sources */ = {isa = PBXBuildFile; fileRef = BFF4B8D91CCD64A600C7E548 /* SCNAction+Magic.swift */; };
		BFFF05811CD0633400671A42 /* WWDCTransformOffsetable.swift in Sources */ = {isa = PBXBuildFile; fileRef = BFFF05801CD0633400671A42 /* WWDCTransformOffsetable.swift */; };
		BFFF05821CD0633400671A42 /* WWDCTransformOffsetable.swift in Sources */ = {isa = PBXBuildFile; fileRef = BFFF05801CD0633400671A42 /* WWDCTransformOffsetable.swift */; };
		BFFF05841CD07F3400671A42 /* WWDCDisplayPanel.swift in Sources */ = {isa = PBXBuildFile; fileRef = BFFF05831CD07F3400671A42 /* WWDCDisplayPanel.swift */; };
		BFFF05851CD07F3400671A42 /* WWDCDisplayPanel.swift in Sources */ = {isa = PBXBuildFile; fileRef = BFFF05831CD07F3400671A42 /* WWDCDisplayPanel.swift */; };
		BFFF05881CD0969900671A42 /* WWDCImage.swift in Sources */ = {isa = PBXBuildFile; fileRef = BFFF05871CD0969900671A42 /* WWDCImage.swift */; };
		BFFF05891CD0969900671A42 /* WWDCImage.swift in Sources */ = {isa = PBXBuildFile; fileRef = BFFF05871CD0969900671A42 /* WWDCImage.swift */; };
/* End PBXBuildFile section */

/* Begin PBXCopyFilesBuildPhase section */
		BF58DAA41CCC90780036C5D0 /* CopyFiles */ = {
			isa = PBXCopyFilesBuildPhase;
			buildActionMask = 2147483647;
			dstPath = Fonts;
			dstSubfolderSpec = 7;
			files = (
				BF58DAA51CCC908F0036C5D0 /* SourceSansPro-Black.ttf in CopyFiles */,
				BF58DAA61CCC908F0036C5D0 /* SourceSansPro-BlackIt.ttf in CopyFiles */,
				BF58DAA71CCC908F0036C5D0 /* SourceSansPro-Bold.ttf in CopyFiles */,
				BF58DAA81CCC908F0036C5D0 /* SourceSansPro-BoldIt.ttf in CopyFiles */,
				BF58DAA91CCC908F0036C5D0 /* SourceSansPro-ExtraLight.ttf in CopyFiles */,
				BF58DAAA1CCC908F0036C5D0 /* SourceSansPro-ExtraLightIt.ttf in CopyFiles */,
				BF58DAAB1CCC908F0036C5D0 /* SourceSansPro-It.ttf in CopyFiles */,
				BF58DAAC1CCC908F0036C5D0 /* SourceSansPro-Light.ttf in CopyFiles */,
				BF58DAAD1CCC908F0036C5D0 /* SourceSansPro-LightIt.ttf in CopyFiles */,
				BF58DAAE1CCC908F0036C5D0 /* SourceSansPro-Regular.ttf in CopyFiles */,
				BF58DAAF1CCC908F0036C5D0 /* SourceSansPro-Semibold.ttf in CopyFiles */,
				BF58DAB01CCC908F0036C5D0 /* SourceSansPro-SemiboldIt.ttf in CopyFiles */,
			);
			runOnlyForDeploymentPostprocessing = 0;
		};
/* End PBXCopyFilesBuildPhase section */

/* Begin PBXFileReference section */
		BF0C8D781CD1CAD700DBAEF9 /* SCNNode+Magic.swift */ = {isa = PBXFileReference; fileEncoding = 4; lastKnownFileType = sourcecode.swift; name = "SCNNode+Magic.swift"; path = "Shared/SCNNode+Magic.swift"; sourceTree = "<group>"; };
		BF27F0741CCEC93C00CB30B3 /* CollectionType+Magic.swift */ = {isa = PBXFileReference; fileEncoding = 4; lastKnownFileType = sourcecode.swift; name = "CollectionType+Magic.swift"; path = "Shared/CollectionType+Magic.swift"; sourceTree = "<group>"; };
		BF2AF29C1CC67DD8006A9BBB /* WWDCFloor.swift */ = {isa = PBXFileReference; fileEncoding = 4; lastKnownFileType = sourcecode.swift; name = WWDCFloor.swift; path = Shared/WWDCFloor.swift; sourceTree = "<group>"; };
		BF4D45A71CCB088F007DEA9A /* SCNCamera+Magic.swift */ = {isa = PBXFileReference; fileEncoding = 4; lastKnownFileType = sourcecode.swift; name = "SCNCamera+Magic.swift"; path = "Shared/SCNCamera+Magic.swift"; sourceTree = "<group>"; };
		BF4D45AD1CCC1849007DEA9A /* CGFloat+Magic.swift */ = {isa = PBXFileReference; fileEncoding = 4; lastKnownFileType = sourcecode.swift; name = "CGFloat+Magic.swift"; path = "Shared/CGFloat+Magic.swift"; sourceTree = "<group>"; };
		BF4D45B01CCC19EF007DEA9A /* SCNVector3+Magic.swift */ = {isa = PBXFileReference; fileEncoding = 4; lastKnownFileType = sourcecode.swift; name = "SCNVector3+Magic.swift"; path = "Shared/SCNVector3+Magic.swift"; sourceTree = "<group>"; };
		BF4D45B11CCC19EF007DEA9A /* WWDCError.swift */ = {isa = PBXFileReference; fileEncoding = 4; lastKnownFileType = sourcecode.swift; name = WWDCError.swift; path = Shared/WWDCError.swift; sourceTree = "<group>"; };
		BF4D45B61CCC1A3A007DEA9A /* WWDCCamera.swift */ = {isa = PBXFileReference; fileEncoding = 4; lastKnownFileType = sourcecode.swift; name = WWDCCamera.swift; path = Shared/WWDCCamera.swift; sourceTree = "<group>"; };
		BF4D45C51CCC4843007DEA9A /* WWDCGameView.swift */ = {isa = PBXFileReference; fileEncoding = 4; lastKnownFileType = sourcecode.swift; name = WWDCGameView.swift; path = Shared/WWDCGameView.swift; sourceTree = "<group>"; };
		BF4D45C81CCC4BCC007DEA9A /* WWDCFont.swift */ = {isa = PBXFileReference; fileEncoding = 4; lastKnownFileType = sourcecode.swift; name = WWDCFont.swift; path = Shared/WWDCFont.swift; sourceTree = "<group>"; };
		BF58DA801CCC8E470036C5D0 /* SourceSansPro-Black.ttf */ = {isa = PBXFileReference; lastKnownFileType = file; name = "SourceSansPro-Black.ttf"; path = "Shared/Fonts/SourceSansPro-Black.ttf"; sourceTree = "<group>"; };
		BF58DA811CCC8E470036C5D0 /* SourceSansPro-BlackIt.ttf */ = {isa = PBXFileReference; lastKnownFileType = file; name = "SourceSansPro-BlackIt.ttf"; path = "Shared/Fonts/SourceSansPro-BlackIt.ttf"; sourceTree = "<group>"; };
		BF58DA821CCC8E470036C5D0 /* SourceSansPro-Bold.ttf */ = {isa = PBXFileReference; lastKnownFileType = file; name = "SourceSansPro-Bold.ttf"; path = "Shared/Fonts/SourceSansPro-Bold.ttf"; sourceTree = "<group>"; };
		BF58DA831CCC8E470036C5D0 /* SourceSansPro-BoldIt.ttf */ = {isa = PBXFileReference; lastKnownFileType = file; name = "SourceSansPro-BoldIt.ttf"; path = "Shared/Fonts/SourceSansPro-BoldIt.ttf"; sourceTree = "<group>"; };
		BF58DA841CCC8E470036C5D0 /* SourceSansPro-ExtraLight.ttf */ = {isa = PBXFileReference; lastKnownFileType = file; name = "SourceSansPro-ExtraLight.ttf"; path = "Shared/Fonts/SourceSansPro-ExtraLight.ttf"; sourceTree = "<group>"; };
		BF58DA851CCC8E470036C5D0 /* SourceSansPro-ExtraLightIt.ttf */ = {isa = PBXFileReference; lastKnownFileType = file; name = "SourceSansPro-ExtraLightIt.ttf"; path = "Shared/Fonts/SourceSansPro-ExtraLightIt.ttf"; sourceTree = "<group>"; };
		BF58DA861CCC8E470036C5D0 /* SourceSansPro-It.ttf */ = {isa = PBXFileReference; lastKnownFileType = file; name = "SourceSansPro-It.ttf"; path = "Shared/Fonts/SourceSansPro-It.ttf"; sourceTree = "<group>"; };
		BF58DA871CCC8E470036C5D0 /* SourceSansPro-Light.ttf */ = {isa = PBXFileReference; lastKnownFileType = file; name = "SourceSansPro-Light.ttf"; path = "Shared/Fonts/SourceSansPro-Light.ttf"; sourceTree = "<group>"; };
		BF58DA881CCC8E470036C5D0 /* SourceSansPro-LightIt.ttf */ = {isa = PBXFileReference; lastKnownFileType = file; name = "SourceSansPro-LightIt.ttf"; path = "Shared/Fonts/SourceSansPro-LightIt.ttf"; sourceTree = "<group>"; };
		BF58DA891CCC8E470036C5D0 /* SourceSansPro-Regular.ttf */ = {isa = PBXFileReference; lastKnownFileType = file; name = "SourceSansPro-Regular.ttf"; path = "Shared/Fonts/SourceSansPro-Regular.ttf"; sourceTree = "<group>"; };
		BF58DA8A1CCC8E470036C5D0 /* SourceSansPro-Semibold.ttf */ = {isa = PBXFileReference; lastKnownFileType = file; name = "SourceSansPro-Semibold.ttf"; path = "Shared/Fonts/SourceSansPro-Semibold.ttf"; sourceTree = "<group>"; };
		BF58DA8B1CCC8E470036C5D0 /* SourceSansPro-SemiboldIt.ttf */ = {isa = PBXFileReference; lastKnownFileType = file; name = "SourceSansPro-SemiboldIt.ttf"; path = "Shared/Fonts/SourceSansPro-SemiboldIt.ttf"; sourceTree = "<group>"; };
		BF58DAB11CCC9FC70036C5D0 /* WWDCSpline.swift */ = {isa = PBXFileReference; fileEncoding = 4; lastKnownFileType = sourcecode.swift; name = WWDCSpline.swift; path = Shared/WWDCSpline.swift; sourceTree = "<group>"; };
		BF6D06ED1CD403E800910052 /* EventMedia.scnassets */ = {isa = PBXFileReference; lastKnownFileType = wrapper.scnassets; name = EventMedia.scnassets; path = Shared/EventMedia.scnassets; sourceTree = "<group>"; };
		BF99BB061CC7C9AA003133AD /* WWDCColor.swift */ = {isa = PBXFileReference; fileEncoding = 4; lastKnownFileType = sourcecode.swift; name = WWDCColor.swift; path = Shared/WWDCColor.swift; sourceTree = "<group>"; };
		BF99BB071CC7C9AA003133AD /* WWDCTimeline.swift */ = {isa = PBXFileReference; fileEncoding = 4; lastKnownFileType = sourcecode.swift; name = WWDCTimeline.swift; path = Shared/WWDCTimeline.swift; sourceTree = "<group>"; };
		BF99BB121CC81C17003133AD /* WWDCEvent.swift */ = {isa = PBXFileReference; fileEncoding = 4; lastKnownFileType = sourcecode.swift; name = WWDCEvent.swift; path = Shared/WWDCEvent.swift; sourceTree = "<group>"; };
		BF99BB151CC81C45003133AD /* WWDCMarker.swift */ = {isa = PBXFileReference; fileEncoding = 4; lastKnownFileType = sourcecode.swift; name = WWDCMarker.swift; path = Shared/WWDCMarker.swift; sourceTree = "<group>"; };
		BF99BB191CC841E0003133AD /* WWDCDate.swift */ = {isa = PBXFileReference; fileEncoding = 4; lastKnownFileType = sourcecode.swift; name = WWDCDate.swift; path = Shared/WWDCDate.swift; sourceTree = "<group>"; };
		BFB622071CC5E55D0094C945 /* WWDC16iOS.app */ = {isa = PBXFileReference; explicitFileType = wrapper.application; includeInIndex = 0; path = WWDC16iOS.app; sourceTree = BUILT_PRODUCTS_DIR; };
		BFB6220A1CC5E55D0094C945 /* AppDelegate.swift */ = {isa = PBXFileReference; lastKnownFileType = sourcecode.swift; path = AppDelegate.swift; sourceTree = "<group>"; };
		BFB622111CC5E55D0094C945 /* Base */ = {isa = PBXFileReference; lastKnownFileType = file.storyboard; name = Base; path = Base.lproj/Main.storyboard; sourceTree = "<group>"; };
		BFB622131CC5E55D0094C945 /* Assets.xcassets */ = {isa = PBXFileReference; lastKnownFileType = folder.assetcatalog; path = Assets.xcassets; sourceTree = "<group>"; };
		BFB622161CC5E55D0094C945 /* Base */ = {isa = PBXFileReference; lastKnownFileType = file.storyboard; name = Base; path = Base.lproj/LaunchScreen.storyboard; sourceTree = "<group>"; };
		BFB622181CC5E55D0094C945 /* Info.plist */ = {isa = PBXFileReference; lastKnownFileType = text.plist.xml; path = Info.plist; sourceTree = "<group>"; };
		BFB622231CC5E5770094C945 /* WWDC16macOS.app */ = {isa = PBXFileReference; explicitFileType = wrapper.application; includeInIndex = 0; path = WWDC16macOS.app; sourceTree = BUILT_PRODUCTS_DIR; };
		BFB622251CC5E5770094C945 /* AppDelegate.swift */ = {isa = PBXFileReference; lastKnownFileType = sourcecode.swift; path = AppDelegate.swift; sourceTree = "<group>"; };
		BFB6222D1CC5E5770094C945 /* Assets.xcassets */ = {isa = PBXFileReference; lastKnownFileType = folder.assetcatalog; path = Assets.xcassets; sourceTree = "<group>"; };
		BFB622301CC5E5770094C945 /* Base */ = {isa = PBXFileReference; lastKnownFileType = file.xib; name = Base; path = Base.lproj/MainMenu.xib; sourceTree = "<group>"; };
		BFB622321CC5E5770094C945 /* Info.plist */ = {isa = PBXFileReference; lastKnownFileType = text.plist.xml; path = Info.plist; sourceTree = "<group>"; };
		BFB622371CC5E65A0094C945 /* WWDCMainScene.swift */ = {isa = PBXFileReference; fileEncoding = 4; lastKnownFileType = sourcecode.swift; name = WWDCMainScene.swift; path = Shared/WWDCMainScene.swift; sourceTree = "<group>"; };
		BFB6223B1CC5E8D20094C945 /* SceneAssets.scnassets */ = {isa = PBXFileReference; lastKnownFileType = wrapper.scnassets; name = SceneAssets.scnassets; path = Shared/SceneAssets.scnassets; sourceTree = "<group>"; };
		BFB672321CD4945000781AC5 /* WWDCBezierPath.swift */ = {isa = PBXFileReference; fileEncoding = 4; lastKnownFileType = sourcecode.swift; name = WWDCBezierPath.swift; path = Shared/WWDCBezierPath.swift; sourceTree = "<group>"; };
		BFB672351CD494D700781AC5 /* WWDCPoint.swift */ = {isa = PBXFileReference; fileEncoding = 4; lastKnownFileType = sourcecode.swift; name = WWDCPoint.swift; path = Shared/WWDCPoint.swift; sourceTree = "<group>"; };
		BFB6723B1CD4973100781AC5 /* Float+Magic.swift */ = {isa = PBXFileReference; fileEncoding = 4; lastKnownFileType = sourcecode.swift; name = "Float+Magic.swift"; path = "Shared/Float+Magic.swift"; sourceTree = "<group>"; };
		BFDCCF6E1CCED94300EB894F /* SCNGeometry+Magic.swift */ = {isa = PBXFileReference; fileEncoding = 4; lastKnownFileType = sourcecode.swift; name = "SCNGeometry+Magic.swift"; path = "Shared/SCNGeometry+Magic.swift"; sourceTree = "<group>"; };
		BFDCCF711CCF069500EB894F /* WWDCColors.swift */ = {isa = PBXFileReference; fileEncoding = 4; lastKnownFileType = sourcecode.swift; name = WWDCColors.swift; path = Shared/WWDCColors.swift; sourceTree = "<group>"; };
		BFDCCF741CCF22F200EB894F /* NSObject+Magic.swift */ = {isa = PBXFileReference; fileEncoding = 4; lastKnownFileType = sourcecode.swift; name = "NSObject+Magic.swift"; path = "Shared/NSObject+Magic.swift"; sourceTree = "<group>"; };
		BFDCCF781CCF2B7D00EB894F /* WWDCStartScreenHandler.swift */ = {isa = PBXFileReference; fileEncoding = 4; lastKnownFileType = sourcecode.swift; name = WWDCStartScreenHandler.swift; path = Shared/WWDCStartScreenHandler.swift; sourceTree = "<group>"; };
		BFF4B8D31CCD542300C7E548 /* WWDCTimingFunctions.swift */ = {isa = PBXFileReference; fileEncoding = 4; lastKnownFileType = sourcecode.swift; name = WWDCTimingFunctions.swift; path = Shared/WWDCTimingFunctions.swift; sourceTree = "<group>"; };
		BFF4B8D61CCD63C900C7E548 /* WWDCTimingFunctions+Magic.swift */ = {isa = PBXFileReference; fileEncoding = 4; lastKnownFileType = sourcecode.swift; name = "WWDCTimingFunctions+Magic.swift"; path = "Shared/WWDCTimingFunctions+Magic.swift"; sourceTree = "<group>"; };
		BFF4B8D91CCD64A600C7E548 /* SCNAction+Magic.swift */ = {isa = PBXFileReference; fileEncoding = 4; lastKnownFileType = sourcecode.swift; name = "SCNAction+Magic.swift"; path = "Shared/SCNAction+Magic.swift"; sourceTree = "<group>"; };
		BFFF05801CD0633400671A42 /* WWDCTransformOffsetable.swift */ = {isa = PBXFileReference; fileEncoding = 4; lastKnownFileType = sourcecode.swift; name = WWDCTransformOffsetable.swift; path = Shared/WWDCTransformOffsetable.swift; sourceTree = "<group>"; };
		BFFF05831CD07F3400671A42 /* WWDCDisplayPanel.swift */ = {isa = PBXFileReference; fileEncoding = 4; lastKnownFileType = sourcecode.swift; name = WWDCDisplayPanel.swift; path = Shared/WWDCDisplayPanel.swift; sourceTree = "<group>"; };
		BFFF05871CD0969900671A42 /* WWDCImage.swift */ = {isa = PBXFileReference; fileEncoding = 4; lastKnownFileType = sourcecode.swift; name = WWDCImage.swift; path = Shared/WWDCImage.swift; sourceTree = "<group>"; };
/* End PBXFileReference section */

/* Begin PBXFrameworksBuildPhase section */
		BFB622041CC5E55D0094C945 /* Frameworks */ = {
			isa = PBXFrameworksBuildPhase;
			buildActionMask = 2147483647;
			files = (
			);
			runOnlyForDeploymentPostprocessing = 0;
		};
		BFB622201CC5E5770094C945 /* Frameworks */ = {
			isa = PBXFrameworksBuildPhase;
			buildActionMask = 2147483647;
			files = (
			);
			runOnlyForDeploymentPostprocessing = 0;
		};
/* End PBXFrameworksBuildPhase section */

/* Begin PBXGroup section */
		BF7CA26C1CCC8CF90040C8EF /* Fonts */ = {
			isa = PBXGroup;
			children = (
				BF58DA801CCC8E470036C5D0 /* SourceSansPro-Black.ttf */,
				BF58DA811CCC8E470036C5D0 /* SourceSansPro-BlackIt.ttf */,
				BF58DA821CCC8E470036C5D0 /* SourceSansPro-Bold.ttf */,
				BF58DA831CCC8E470036C5D0 /* SourceSansPro-BoldIt.ttf */,
				BF58DA841CCC8E470036C5D0 /* SourceSansPro-ExtraLight.ttf */,
				BF58DA851CCC8E470036C5D0 /* SourceSansPro-ExtraLightIt.ttf */,
				BF58DA861CCC8E470036C5D0 /* SourceSansPro-It.ttf */,
				BF58DA871CCC8E470036C5D0 /* SourceSansPro-Light.ttf */,
				BF58DA881CCC8E470036C5D0 /* SourceSansPro-LightIt.ttf */,
				BF58DA891CCC8E470036C5D0 /* SourceSansPro-Regular.ttf */,
				BF58DA8A1CCC8E470036C5D0 /* SourceSansPro-Semibold.ttf */,
				BF58DA8B1CCC8E470036C5D0 /* SourceSansPro-SemiboldIt.ttf */,
			);
			name = Fonts;
			sourceTree = "<group>";
		};
		BF99BB0E1CC8154E003133AD /* Magic */ = {
			isa = PBXGroup;
			children = (
				BF4D45A71CCB088F007DEA9A /* SCNCamera+Magic.swift */,
				BF4D45AD1CCC1849007DEA9A /* CGFloat+Magic.swift */,
				BFB6723B1CD4973100781AC5 /* Float+Magic.swift */,
				BF4D45B01CCC19EF007DEA9A /* SCNVector3+Magic.swift */,
				BFF4B8D61CCD63C900C7E548 /* WWDCTimingFunctions+Magic.swift */,
				BFF4B8D91CCD64A600C7E548 /* SCNAction+Magic.swift */,
				BF27F0741CCEC93C00CB30B3 /* CollectionType+Magic.swift */,
				BFDCCF6E1CCED94300EB894F /* SCNGeometry+Magic.swift */,
				BFDCCF741CCF22F200EB894F /* NSObject+Magic.swift */,
				BF0C8D781CD1CAD700DBAEF9 /* SCNNode+Magic.swift */,
			);
			name = Magic;
			sourceTree = "<group>";
		};
		BF99BB181CC81C5C003133AD /* Utils */ = {
			isa = PBXGroup;
			children = (
				BFFF05861CD0968500671A42 /* Bridge */,
				BF4D45C51CCC4843007DEA9A /* WWDCGameView.swift */,
				BF4D45B11CCC19EF007DEA9A /* WWDCError.swift */,
				BF58DAB11CCC9FC70036C5D0 /* WWDCSpline.swift */,
				BFF4B8D31CCD542300C7E548 /* WWDCTimingFunctions.swift */,
				BFDCCF711CCF069500EB894F /* WWDCColors.swift */,
				BFFF05801CD0633400671A42 /* WWDCTransformOffsetable.swift */,
				BFFF05831CD07F3400671A42 /* WWDCDisplayPanel.swift */,
			);
			name = Utils;
			sourceTree = "<group>";
		};
		BFB621FE1CC5E55D0094C945 = {
			isa = PBXGroup;
			children = (
				BFB622361CC5E5A70094C945 /* Shared */,
				BFB622091CC5E55D0094C945 /* iOS */,
				BFB622241CC5E5770094C945 /* macOS */,
				BFB622081CC5E55D0094C945 /* Products */,
			);
			sourceTree = "<group>";
		};
		BFB622081CC5E55D0094C945 /* Products */ = {
			isa = PBXGroup;
			children = (
				BFB622071CC5E55D0094C945 /* WWDC16iOS.app */,
				BFB622231CC5E5770094C945 /* WWDC16macOS.app */,
			);
			name = Products;
			sourceTree = "<group>";
		};
		BFB622091CC5E55D0094C945 /* iOS */ = {
			isa = PBXGroup;
			children = (
				BFB6220A1CC5E55D0094C945 /* AppDelegate.swift */,
				BFB622101CC5E55D0094C945 /* Main.storyboard */,
				BFB622131CC5E55D0094C945 /* Assets.xcassets */,
				BFB622151CC5E55D0094C945 /* LaunchScreen.storyboard */,
				BFB622181CC5E55D0094C945 /* Info.plist */,
			);
			name = iOS;
			path = WWDC16iOS;
			sourceTree = "<group>";
		};
		BFB622241CC5E5770094C945 /* macOS */ = {
			isa = PBXGroup;
			children = (
				BFB622251CC5E5770094C945 /* AppDelegate.swift */,
				BFB6222D1CC5E5770094C945 /* Assets.xcassets */,
				BFB6222F1CC5E5770094C945 /* MainMenu.xib */,
				BFB622321CC5E5770094C945 /* Info.plist */,
			);
			name = macOS;
			path = WWDC16macOS;
			sourceTree = "<group>";
		};
		BFB622361CC5E5A70094C945 /* Shared */ = {
			isa = PBXGroup;
			children = (
				BFB622371CC5E65A0094C945 /* WWDCMainScene.swift */,
				BF99BB071CC7C9AA003133AD /* WWDCTimeline.swift */,
				BF99BB121CC81C17003133AD /* WWDCEvent.swift */,
				BF99BB151CC81C45003133AD /* WWDCMarker.swift */,
				BF99BB191CC841E0003133AD /* WWDCDate.swift */,
				BF4D45B61CCC1A3A007DEA9A /* WWDCCamera.swift */,
				BF2AF29C1CC67DD8006A9BBB /* WWDCFloor.swift */,
				BF6D06ED1CD403E800910052 /* EventMedia.scnassets */,
				BFB6223B1CC5E8D20094C945 /* SceneAssets.scnassets */,
				BFDCCF771CCF2B6600EB894F /* Event Handlers */,
				BF99BB0E1CC8154E003133AD /* Magic */,
				BF7CA26C1CCC8CF90040C8EF /* Fonts */,
				BF99BB181CC81C5C003133AD /* Utils */,
			);
			name = Shared;
			sourceTree = "<group>";
		};
		BFDCCF771CCF2B6600EB894F /* Event Handlers */ = {
			isa = PBXGroup;
			children = (
				BFDCCF781CCF2B7D00EB894F /* WWDCStartScreenHandler.swift */,
			);
			name = "Event Handlers";
			sourceTree = "<group>";
		};
		BFFF05861CD0968500671A42 /* Bridge */ = {
			isa = PBXGroup;
			children = (
				BF99BB061CC7C9AA003133AD /* WWDCColor.swift */,
				BF4D45C81CCC4BCC007DEA9A /* WWDCFont.swift */,
				BFFF05871CD0969900671A42 /* WWDCImage.swift */,
				BFB672321CD4945000781AC5 /* WWDCBezierPath.swift */,
				BFB672351CD494D700781AC5 /* WWDCPoint.swift */,
			);
			name = Bridge;
			sourceTree = "<group>";
		};
/* End PBXGroup section */

/* Begin PBXNativeTarget section */
		BFB622061CC5E55D0094C945 /* WWDC16iOS */ = {
			isa = PBXNativeTarget;
			buildConfigurationList = BFB6221B1CC5E55D0094C945 /* Build configuration list for PBXNativeTarget "WWDC16iOS" */;
			buildPhases = (
				BFB622031CC5E55D0094C945 /* Sources */,
				BFB622041CC5E55D0094C945 /* Frameworks */,
				BFB622051CC5E55D0094C945 /* Resources */,
			);
			buildRules = (
			);
			dependencies = (
			);
			name = WWDC16iOS;
			productName = WWDC16iOS;
			productReference = BFB622071CC5E55D0094C945 /* WWDC16iOS.app */;
			productType = "com.apple.product-type.application";
		};
		BFB622221CC5E5770094C945 /* WWDC16macOS */ = {
			isa = PBXNativeTarget;
			buildConfigurationList = BFB622331CC5E5770094C945 /* Build configuration list for PBXNativeTarget "WWDC16macOS" */;
			buildPhases = (
				BFB6221F1CC5E5770094C945 /* Sources */,
				BFB622201CC5E5770094C945 /* Frameworks */,
				BFB622211CC5E5770094C945 /* Resources */,
				BF58DAA41CCC90780036C5D0 /* CopyFiles */,
			);
			buildRules = (
			);
			dependencies = (
			);
			name = WWDC16macOS;
			productName = WWDC16macOS;
			productReference = BFB622231CC5E5770094C945 /* WWDC16macOS.app */;
			productType = "com.apple.product-type.application";
		};
/* End PBXNativeTarget section */

/* Begin PBXProject section */
		BFB621FF1CC5E55D0094C945 /* Project object */ = {
			isa = PBXProject;
			attributes = {
				LastSwiftUpdateCheck = 0730;
				LastUpgradeCheck = 0730;
				ORGANIZATIONNAME = "Nathan Flurry";
				TargetAttributes = {
					BFB622061CC5E55D0094C945 = {
						CreatedOnToolsVersion = 7.3;
					};
					BFB622221CC5E5770094C945 = {
						CreatedOnToolsVersion = 7.3;
					};
				};
			};
			buildConfigurationList = BFB622021CC5E55D0094C945 /* Build configuration list for PBXProject "WWDC16" */;
			compatibilityVersion = "Xcode 3.2";
			developmentRegion = English;
			hasScannedForEncodings = 0;
			knownRegions = (
				en,
				Base,
			);
			mainGroup = BFB621FE1CC5E55D0094C945;
			productRefGroup = BFB622081CC5E55D0094C945 /* Products */;
			projectDirPath = "";
			projectRoot = "";
			targets = (
				BFB622221CC5E5770094C945 /* WWDC16macOS */,
				BFB622061CC5E55D0094C945 /* WWDC16iOS */,
			);
		};
/* End PBXProject section */

/* Begin PBXResourcesBuildPhase section */
		BFB622051CC5E55D0094C945 /* Resources */ = {
			isa = PBXResourcesBuildPhase;
			buildActionMask = 2147483647;
			files = (
				BFB622171CC5E55D0094C945 /* LaunchScreen.storyboard in Resources */,
				BFB622141CC5E55D0094C945 /* Assets.xcassets in Resources */,
				BFB622121CC5E55D0094C945 /* Main.storyboard in Resources */,
				BF58DA9E1CCC8E470036C5D0 /* SourceSansPro-Regular.ttf in Resources */,
				BF58DA9A1CCC8E470036C5D0 /* SourceSansPro-Light.ttf in Resources */,
				BF58DA961CCC8E470036C5D0 /* SourceSansPro-ExtraLightIt.ttf in Resources */,
				BF58DA941CCC8E470036C5D0 /* SourceSansPro-ExtraLight.ttf in Resources */,
				BF58DA8E1CCC8E470036C5D0 /* SourceSansPro-BlackIt.ttf in Resources */,
				BF58DAA21CCC8E470036C5D0 /* SourceSansPro-SemiboldIt.ttf in Resources */,
				BF58DA981CCC8E470036C5D0 /* SourceSansPro-It.ttf in Resources */,
				BF58DA8C1CCC8E470036C5D0 /* SourceSansPro-Black.ttf in Resources */,
				BF58DA901CCC8E470036C5D0 /* SourceSansPro-Bold.ttf in Resources */,
				BF6D06EE1CD403E800910052 /* EventMedia.scnassets in Resources */,
				BF58DA9C1CCC8E470036C5D0 /* SourceSansPro-LightIt.ttf in Resources */,
				BF58DA921CCC8E470036C5D0 /* SourceSansPro-BoldIt.ttf in Resources */,
				BFB6223C1CC5E8D20094C945 /* SceneAssets.scnassets in Resources */,
				BF58DAA01CCC8E470036C5D0 /* SourceSansPro-Semibold.ttf in Resources */,
			);
			runOnlyForDeploymentPostprocessing = 0;
		};
		BFB622211CC5E5770094C945 /* Resources */ = {
			isa = PBXResourcesBuildPhase;
			buildActionMask = 2147483647;
			files = (
				BFB6223D1CC5E8D20094C945 /* SceneAssets.scnassets in Resources */,
				BF6D06EF1CD403E800910052 /* EventMedia.scnassets in Resources */,
				BFB6222E1CC5E5770094C945 /* Assets.xcassets in Resources */,
				BFB622311CC5E5770094C945 /* MainMenu.xib in Resources */,
			);
			runOnlyForDeploymentPostprocessing = 0;
		};
/* End PBXResourcesBuildPhase section */

/* Begin PBXSourcesBuildPhase section */
		BFB622031CC5E55D0094C945 /* Sources */ = {
			isa = PBXSourcesBuildPhase;
			buildActionMask = 2147483647;
			files = (
				BFDCCF791CCF2B7D00EB894F /* WWDCStartScreenHandler.swift in Sources */,
				BFDCCF721CCF069500EB894F /* WWDCColors.swift in Sources */,
				BFDCCF6F1CCED94300EB894F /* SCNGeometry+Magic.swift in Sources */,
				BFB622381CC5E65A0094C945 /* WWDCMainScene.swift in Sources */,
				BF4D45B31CCC19EF007DEA9A /* WWDCError.swift in Sources */,
				BF4D45C61CCC4843007DEA9A /* WWDCGameView.swift in Sources */,
				BF27F0751CCEC93C00CB30B3 /* CollectionType+Magic.swift in Sources */,
				BFF4B8D41CCD542300C7E548 /* WWDCTimingFunctions.swift in Sources */,
				BFFF05841CD07F3400671A42 /* WWDCDisplayPanel.swift in Sources */,
				BF99BB131CC81C17003133AD /* WWDCEvent.swift in Sources */,
				BF99BB161CC81C45003133AD /* WWDCMarker.swift in Sources */,
				BFDCCF751CCF22F200EB894F /* NSObject+Magic.swift in Sources */,
				BF2AF29D1CC67DD8006A9BBB /* WWDCFloor.swift in Sources */,
				BFB6723D1CD4973100781AC5 /* Float+Magic.swift in Sources */,
				BFB672371CD494D700781AC5 /* WWDCPoint.swift in Sources */,
				BF99BB081CC7C9AA003133AD /* WWDCColor.swift in Sources */,
				BFB6220B1CC5E55D0094C945 /* AppDelegate.swift in Sources */,
				BF4D45B71CCC1A3A007DEA9A /* WWDCCamera.swift in Sources */,
				BF0C8D791CD1CAD700DBAEF9 /* SCNNode+Magic.swift in Sources */,
				BF4D45A81CCB088F007DEA9A /* SCNCamera+Magic.swift in Sources */,
				BF4D45AE1CCC1849007DEA9A /* CGFloat+Magic.swift in Sources */,
				BFB672341CD4945000781AC5 /* WWDCBezierPath.swift in Sources */,
				BFF4B8DA1CCD64A600C7E548 /* SCNAction+Magic.swift in Sources */,
				BFFF05881CD0969900671A42 /* WWDCImage.swift in Sources */,
				BFF4B8D71CCD63C900C7E548 /* WWDCTimingFunctions+Magic.swift in Sources */,
				BF58DAB21CCC9FC70036C5D0 /* WWDCSpline.swift in Sources */,
				BFFF05811CD0633400671A42 /* WWDCTransformOffsetable.swift in Sources */,
				BF4D45B21CCC19EF007DEA9A /* SCNVector3+Magic.swift in Sources */,
				BF4D45C91CCC4BCC007DEA9A /* WWDCFont.swift in Sources */,
				BF99BB091CC7C9AA003133AD /* WWDCTimeline.swift in Sources */,
				BF99BB1A1CC841E0003133AD /* WWDCDate.swift in Sources */,
			);
			runOnlyForDeploymentPostprocessing = 0;
		};
		BFB6221F1CC5E5770094C945 /* Sources */ = {
			isa = PBXSourcesBuildPhase;
			buildActionMask = 2147483647;
			files = (
				BFDCCF7A1CCF2B7D00EB894F /* WWDCStartScreenHandler.swift in Sources */,
				BFDCCF731CCF069500EB894F /* WWDCColors.swift in Sources */,
				BFDCCF701CCED9BB00EB894F /* SCNGeometry+Magic.swift in Sources */,
				BF99BB171CC81C45003133AD /* WWDCMarker.swift in Sources */,
				BF4D45B51CCC1A14007DEA9A /* WWDCError.swift in Sources */,
				BF4D45C71CCC4843007DEA9A /* WWDCGameView.swift in Sources */,
				BF27F0761CCEC93C00CB30B3 /* CollectionType+Magic.swift in Sources */,
				BFF4B8D51CCD542300C7E548 /* WWDCTimingFunctions.swift in Sources */,
				BFFF05851CD07F3400671A42 /* WWDCDisplayPanel.swift in Sources */,
				BFB622391CC5E65A0094C945 /* WWDCMainScene.swift in Sources */,
				BF99BB0D1CC7CA3A003133AD /* WWDCColor.swift in Sources */,
				BFDCCF761CCF22F200EB894F /* NSObject+Magic.swift in Sources */,
				BF99BB141CC81C17003133AD /* WWDCEvent.swift in Sources */,
				BFB6723C1CD4973100781AC5 /* Float+Magic.swift in Sources */,
				BFB672361CD494D700781AC5 /* WWDCPoint.swift in Sources */,
				BFB622261CC5E5770094C945 /* AppDelegate.swift in Sources */,
				BF2AF29E1CC67DD8006A9BBB /* WWDCFloor.swift in Sources */,
				BF4D45B81CCC1A3A007DEA9A /* WWDCCamera.swift in Sources */,
				BF0C8D7A1CD1CAD700DBAEF9 /* SCNNode+Magic.swift in Sources */,
				BF4D45A91CCB08CE007DEA9A /* SCNCamera+Magic.swift in Sources */,
				BF4D45AF1CCC1894007DEA9A /* CGFloat+Magic.swift in Sources */,
				BFB672331CD4945000781AC5 /* WWDCBezierPath.swift in Sources */,
				BFF4B8DB1CCD64A600C7E548 /* SCNAction+Magic.swift in Sources */,
				BFFF05891CD0969900671A42 /* WWDCImage.swift in Sources */,
				BFF4B8D81CCD63C900C7E548 /* WWDCTimingFunctions+Magic.swift in Sources */,
				BF58DAB31CCC9FC70036C5D0 /* WWDCSpline.swift in Sources */,
				BFFF05821CD0633400671A42 /* WWDCTransformOffsetable.swift in Sources */,
				BF4D45B41CCC1A14007DEA9A /* SCNVector3+Magic.swift in Sources */,
				BF4D45CA1CCC4BCC007DEA9A /* WWDCFont.swift in Sources */,
				BF99BB1B1CC841E0003133AD /* WWDCDate.swift in Sources */,
				BF99BB0C1CC7CA3A003133AD /* WWDCTimeline.swift in Sources */,
			);
			runOnlyForDeploymentPostprocessing = 0;
		};
/* End PBXSourcesBuildPhase section */

/* Begin PBXVariantGroup section */
		BFB622101CC5E55D0094C945 /* Main.storyboard */ = {
			isa = PBXVariantGroup;
			children = (
				BFB622111CC5E55D0094C945 /* Base */,
			);
			name = Main.storyboard;
			sourceTree = "<group>";
		};
		BFB622151CC5E55D0094C945 /* LaunchScreen.storyboard */ = {
			isa = PBXVariantGroup;
			children = (
				BFB622161CC5E55D0094C945 /* Base */,
			);
			name = LaunchScreen.storyboard;
			sourceTree = "<group>";
		};
		BFB6222F1CC5E5770094C945 /* MainMenu.xib */ = {
			isa = PBXVariantGroup;
			children = (
				BFB622301CC5E5770094C945 /* Base */,
			);
			name = MainMenu.xib;
			sourceTree = "<group>";
		};
/* End PBXVariantGroup section */

/* Begin XCBuildConfiguration section */
		BFB622191CC5E55D0094C945 /* Debug */ = {
			isa = XCBuildConfiguration;
			buildSettings = {
				ALWAYS_SEARCH_USER_PATHS = NO;
				CLANG_ANALYZER_NONNULL = YES;
				CLANG_CXX_LANGUAGE_STANDARD = "gnu++0x";
				CLANG_CXX_LIBRARY = "libc++";
				CLANG_ENABLE_MODULES = YES;
				CLANG_ENABLE_OBJC_ARC = YES;
				CLANG_WARN_BOOL_CONVERSION = YES;
				CLANG_WARN_CONSTANT_CONVERSION = YES;
				CLANG_WARN_DIRECT_OBJC_ISA_USAGE = YES_ERROR;
				CLANG_WARN_EMPTY_BODY = YES;
				CLANG_WARN_ENUM_CONVERSION = YES;
				CLANG_WARN_INT_CONVERSION = YES;
				CLANG_WARN_OBJC_ROOT_CLASS = YES_ERROR;
				CLANG_WARN_UNREACHABLE_CODE = YES;
				CLANG_WARN__DUPLICATE_METHOD_MATCH = YES;
				"CODE_SIGN_IDENTITY[sdk=iphoneos*]" = "iPhone Developer";
				COPY_PHASE_STRIP = NO;
				DEBUG_INFORMATION_FORMAT = "dwarf-with-dsym";
				ENABLE_STRICT_OBJC_MSGSEND = YES;
				ENABLE_TESTABILITY = YES;
				GCC_C_LANGUAGE_STANDARD = gnu99;
				GCC_DYNAMIC_NO_PIC = NO;
				GCC_NO_COMMON_BLOCKS = YES;
				GCC_OPTIMIZATION_LEVEL = 0;
				GCC_PREPROCESSOR_DEFINITIONS = (
					"DEBUG=1",
					"$(inherited)",
				);
				GCC_WARN_64_TO_32_BIT_CONVERSION = YES;
				GCC_WARN_ABOUT_RETURN_TYPE = YES_ERROR;
				GCC_WARN_UNDECLARED_SELECTOR = YES;
				GCC_WARN_UNINITIALIZED_AUTOS = YES_AGGRESSIVE;
				GCC_WARN_UNUSED_FUNCTION = YES;
				GCC_WARN_UNUSED_VARIABLE = YES;
				IPHONEOS_DEPLOYMENT_TARGET = 9.3;
				MTL_ENABLE_DEBUG_INFO = YES;
				ONLY_ACTIVE_ARCH = YES;
				SDKROOT = iphoneos;
				SWIFT_OPTIMIZATION_LEVEL = "-Onone";
				TARGETED_DEVICE_FAMILY = "1,2";
			};
			name = Debug;
		};
		BFB6221A1CC5E55D0094C945 /* Release */ = {
			isa = XCBuildConfiguration;
			buildSettings = {
				ALWAYS_SEARCH_USER_PATHS = NO;
				CLANG_ANALYZER_NONNULL = YES;
				CLANG_CXX_LANGUAGE_STANDARD = "gnu++0x";
				CLANG_CXX_LIBRARY = "libc++";
				CLANG_ENABLE_MODULES = YES;
				CLANG_ENABLE_OBJC_ARC = YES;
				CLANG_WARN_BOOL_CONVERSION = YES;
				CLANG_WARN_CONSTANT_CONVERSION = YES;
				CLANG_WARN_DIRECT_OBJC_ISA_USAGE = YES_ERROR;
				CLANG_WARN_EMPTY_BODY = YES;
				CLANG_WARN_ENUM_CONVERSION = YES;
				CLANG_WARN_INT_CONVERSION = YES;
				CLANG_WARN_OBJC_ROOT_CLASS = YES_ERROR;
				CLANG_WARN_UNREACHABLE_CODE = YES;
				CLANG_WARN__DUPLICATE_METHOD_MATCH = YES;
				"CODE_SIGN_IDENTITY[sdk=iphoneos*]" = "iPhone Developer";
				COPY_PHASE_STRIP = NO;
				DEBUG_INFORMATION_FORMAT = "dwarf-with-dsym";
				ENABLE_NS_ASSERTIONS = NO;
				ENABLE_STRICT_OBJC_MSGSEND = YES;
				GCC_C_LANGUAGE_STANDARD = gnu99;
				GCC_NO_COMMON_BLOCKS = YES;
				GCC_WARN_64_TO_32_BIT_CONVERSION = YES;
				GCC_WARN_ABOUT_RETURN_TYPE = YES_ERROR;
				GCC_WARN_UNDECLARED_SELECTOR = YES;
				GCC_WARN_UNINITIALIZED_AUTOS = YES_AGGRESSIVE;
				GCC_WARN_UNUSED_FUNCTION = YES;
				GCC_WARN_UNUSED_VARIABLE = YES;
				IPHONEOS_DEPLOYMENT_TARGET = 9.3;
				MTL_ENABLE_DEBUG_INFO = NO;
				SDKROOT = iphoneos;
				TARGETED_DEVICE_FAMILY = "1,2";
				VALIDATE_PRODUCT = YES;
			};
			name = Release;
		};
		BFB6221C1CC5E55D0094C945 /* Debug */ = {
			isa = XCBuildConfiguration;
			buildSettings = {
				ASSETCATALOG_COMPILER_APPICON_NAME = AppIcon;
				INFOPLIST_FILE = WWDC16iOS/Info.plist;
				LD_RUNPATH_SEARCH_PATHS = "$(inherited) @executable_path/Frameworks";
				PRODUCT_BUNDLE_IDENTIFIER = com.nathanflurry.WWDC16iOS;
				PRODUCT_NAME = "$(TARGET_NAME)";
			};
			name = Debug;
		};
		BFB6221D1CC5E55D0094C945 /* Release */ = {
			isa = XCBuildConfiguration;
			buildSettings = {
				ASSETCATALOG_COMPILER_APPICON_NAME = AppIcon;
				INFOPLIST_FILE = WWDC16iOS/Info.plist;
				LD_RUNPATH_SEARCH_PATHS = "$(inherited) @executable_path/Frameworks";
				PRODUCT_BUNDLE_IDENTIFIER = com.nathanflurry.WWDC16iOS;
				PRODUCT_NAME = "$(TARGET_NAME)";
			};
			name = Release;
		};
		BFB622341CC5E5770094C945 /* Debug */ = {
			isa = XCBuildConfiguration;
			buildSettings = {
				ASSETCATALOG_COMPILER_APPICON_NAME = AppIcon;
				CODE_SIGN_IDENTITY = "-";
				COMBINE_HIDPI_IMAGES = YES;
				INFOPLIST_FILE = WWDC16macOS/Info.plist;
				LD_RUNPATH_SEARCH_PATHS = "$(inherited) @executable_path/../Frameworks";
				MACOSX_DEPLOYMENT_TARGET = 10.11;
				PRODUCT_BUNDLE_IDENTIFIER = com.nathanflurry.WWDC16macOS;
				PRODUCT_NAME = "$(TARGET_NAME)";
				SDKROOT = macosx;
			};
			name = Debug;
		};
		BFB622351CC5E5770094C945 /* Release */ = {
			isa = XCBuildConfiguration;
			buildSettings = {
				ASSETCATALOG_COMPILER_APPICON_NAME = AppIcon;
				CODE_SIGN_IDENTITY = "-";
				COMBINE_HIDPI_IMAGES = YES;
				INFOPLIST_FILE = WWDC16macOS/Info.plist;
				LD_RUNPATH_SEARCH_PATHS = "$(inherited) @executable_path/../Frameworks";
				MACOSX_DEPLOYMENT_TARGET = 10.11;
				PRODUCT_BUNDLE_IDENTIFIER = com.nathanflurry.WWDC16macOS;
				PRODUCT_NAME = "$(TARGET_NAME)";
				SDKROOT = macosx;
			};
			name = Release;
		};
/* End XCBuildConfiguration section */

/* Begin XCConfigurationList section */
		BFB622021CC5E55D0094C945 /* Build configuration list for PBXProject "WWDC16" */ = {
			isa = XCConfigurationList;
			buildConfigurations = (
				BFB622191CC5E55D0094C945 /* Debug */,
				BFB6221A1CC5E55D0094C945 /* Release */,
			);
			defaultConfigurationIsVisible = 0;
			defaultConfigurationName = Release;
		};
		BFB6221B1CC5E55D0094C945 /* Build configuration list for PBXNativeTarget "WWDC16iOS" */ = {
			isa = XCConfigurationList;
			buildConfigurations = (
				BFB6221C1CC5E55D0094C945 /* Debug */,
				BFB6221D1CC5E55D0094C945 /* Release */,
			);
			defaultConfigurationIsVisible = 0;
			defaultConfigurationName = Release;
		};
		BFB622331CC5E5770094C945 /* Build configuration list for PBXNativeTarget "WWDC16macOS" */ = {
			isa = XCConfigurationList;
			buildConfigurations = (
				BFB622341CC5E5770094C945 /* Debug */,
				BFB622351CC5E5770094C945 /* Release */,
			);
			defaultConfigurationIsVisible = 0;
			defaultConfigurationName = Release;
		};
/* End XCConfigurationList section */
	};
	rootObject = BFB621FF1CC5E55D0094C945 /* Project object */;
}
